
Microsoft Visual Studio Solution File, Format Version 12.00
# Visual Studio Version 17
VisualStudioVersion = 17.14.36414.22
MinimumVisualStudioVersion = 10.0.40219.1
Project("{2150E333-8FDC-42A3-9474-1A3956D46DE8}") = "Task0", "Task0", "{36D591C7-65C7-A0D1-1CBC-10CDE441BDC8}"
EndProject
Project("{FAE04EC0-301F-11D3-BF4B-00C04F79EFBC}") = "Tyuiu.PashkovGV.Sprint0.Task0.V0", "Tyuiu.PashkovGV.Sprint0.Task0.V0\Tyuiu.PashkovGV.Sprint0.Task0.V0.csproj", "{362AB3CF-A888-41A2-849F-A9D569E62A21}"
EndProject
Project("{2150E333-8FDC-42A3-9474-1A3956D46DE8}") = "Task1", "Task1", "{C3552C59-F68F-4A50-A9E4-606BC00FEF90}"
EndProject
Project("{FAE04EC0-301F-11D3-BF4B-00C04F79EFBC}") = "Tyuiu.PashkovGV.Sprint0.Task1.V0", "Tyuiu.PashkovGV.Sprint0.Task1.V0\Tyuiu.PashkovGV.Sprint0.Task1.V0.csproj", "{7EC9A19E-D06E-4FDC-8293-0316A7ABD00B}"
EndProject
Project("{2150E333-8FDC-42A3-9474-1A3956D46DE8}") = "Task2", "Task2", "{04F05E5C-0C1F-4F27-9F1C-E177BBC13A94}"
EndProject
Project("{FAE04EC0-301F-11D3-BF4B-00C04F79EFBC}") = "Tyuiu.PashkovGV.Sprint0.Task2.V0", "Tyuiu.PashkovGV.Sprint0.Task2.V0\Tyuiu.PashkovGV.Sprint0.Task2.V0.csproj", "{35365D25-E118-4781-8333-09A049DE5E56}"
EndProject
Project("{FAE04EC0-301F-11D3-BF4B-00C04F79EFBC}") = "Tyuiu.PashkovGV.Sprint0.Task2.V0.Lib", "Tyuiu.PashkovGV.Sprint0.Task2.V0.Lib\Tyuiu.PashkovGV.Sprint0.Task2.V0.Lib.csproj", "{8EBF2D0D-3AEC-46CE-AC58-38319E99DC4C}"
EndProject
Project("{FAE04EC0-301F-11D3-BF4B-00C04F79EFBC}") = "Tyuiu.PashkovGV.Sprint0.Task2.V0.Test", "Tyuiu.PashkovGV.Sprint0.Task2.V0.Test\Tyuiu.PashkovGV.Sprint0.Task2.V0.Test.csproj", "{5BBF0CB9-F0A2-4054-9D6B-81D8EF8AB005}"
EndProject
Global
	GlobalSection(SolutionConfigurationPlatforms) = preSolution
		Debug|Any CPU = Debug|Any CPU
		Release|Any CPU = Release|Any CPU
	EndGlobalSection
	GlobalSection(ProjectConfigurationPlatforms) = postSolution
		{362AB3CF-A888-41A2-849F-A9D569E62A21}.Debug|Any CPU.ActiveCfg = Debug|Any CPU
		{362AB3CF-A888-41A2-849F-A9D569E62A21}.Debug|Any CPU.Build.0 = Debug|Any CPU
		{362AB3CF-A888-41A2-849F-A9D569E62A21}.Release|Any CPU.ActiveCfg = Release|Any CPU
		{362AB3CF-A888-41A2-849F-A9D569E62A21}.Release|Any CPU.Build.0 = Release|Any CPU
		{7EC9A19E-D06E-4FDC-8293-0316A7ABD00B}.Debug|Any CPU.ActiveCfg = Debug|Any CPU
		{7EC9A19E-D06E-4FDC-8293-0316A7ABD00B}.Debug|Any CPU.Build.0 = Debug|Any CPU
		{7EC9A19E-D06E-4FDC-8293-0316A7ABD00B}.Release|Any CPU.ActiveCfg = Release|Any CPU
		{7EC9A19E-D06E-4FDC-8293-0316A7ABD00B}.Release|Any CPU.Build.0 = Release|Any CPU
		{35365D25-E118-4781-8333-09A049DE5E56}.Debug|Any CPU.ActiveCfg = Debug|Any CPU
		{35365D25-E118-4781-8333-09A049DE5E56}.Debug|Any CPU.Build.0 = Debug|Any CPU
		{35365D25-E118-4781-8333-09A049DE5E56}.Release|Any CPU.ActiveCfg = Release|Any CPU
		{35365D25-E118-4781-8333-09A049DE5E56}.Release|Any CPU.Build.0 = Release|Any CPU
		{8EBF2D0D-3AEC-46CE-AC58-38319E99DC4C}.Debug|Any CPU.ActiveCfg = Debug|Any CPU
		{8EBF2D0D-3AEC-46CE-AC58-38319E99DC4C}.Debug|Any CPU.Build.0 = Debug|Any CPU
		{8EBF2D0D-3AEC-46CE-AC58-38319E99DC4C}.Release|Any CPU.ActiveCfg = Release|Any CPU
		{8EBF2D0D-3AEC-46CE-AC58-38319E99DC4C}.Release|Any CPU.Build.0 = Release|Any CPU
		{5BBF0CB9-F0A2-4054-9D6B-81D8EF8AB005}.Debug|Any CPU.ActiveCfg = Debug|Any CPU
		{5BBF0CB9-F0A2-4054-9D6B-81D8EF8AB005}.Debug|Any CPU.Build.0 = Debug|Any CPU
		{5BBF0CB9-F0A2-4054-9D6B-81D8EF8AB005}.Release|Any CPU.ActiveCfg = Release|Any CPU
		{5BBF0CB9-F0A2-4054-9D6B-81D8EF8AB005}.Release|Any CPU.Build.0 = Release|Any CPU
	EndGlobalSection
	GlobalSection(SolutionProperties) = preSolution
		HideSolutionNode = FALSE
	EndGlobalSection
	GlobalSection(NestedProjects) = preSolution
		{362AB3CF-A888-41A2-849F-A9D569E62A21} = {36D591C7-65C7-A0D1-1CBC-10CDE441BDC8}
		{7EC9A19E-D06E-4FDC-8293-0316A7ABD00B} = {C3552C59-F68F-4A50-A9E4-606BC00FEF90}
		{35365D25-E118-4781-8333-09A049DE5E56} = {04F05E5C-0C1F-4F27-9F1C-E177BBC13A94}
		{8EBF2D0D-3AEC-46CE-AC58-38319E99DC4C} = {04F05E5C-0C1F-4F27-9F1C-E177BBC13A94}
		{5BBF0CB9-F0A2-4054-9D6B-81D8EF8AB005} = {04F05E5C-0C1F-4F27-9F1C-E177BBC13A94}
	EndGlobalSection
	GlobalSection(ExtensibilityGlobals) = postSolution
		SolutionGuid = {024A7BEA-7264-4DCC-9B4B-8A8F3E09D317}
	EndGlobalSection
EndGlobal
