
Microsoft Visual Studio Solution File, Format Version 12.00
# Visual Studio Version 17
VisualStudioVersion = 17.14.36414.22
MinimumVisualStudioVersion = 10.0.40219.1
Project("{2150E333-8FDC-42A3-9474-1A3956D46DE8}") = "Task0", "Task0", "{36D591C7-65C7-A0D1-1CBC-10CDE441BDC8}"
EndProject
Project("{FAE04EC0-301F-11D3-BF4B-00C04F79EFBC}") = "Tyuiu.PashkovGV.Sprint0.Task0.V0", "Tyuiu.PashkovGV.Sprint0.Task0.V0\Tyuiu.PashkovGV.Sprint0.Task0.V0.csproj", "{362AB3CF-A888-41A2-849F-A9D569E62A21}"
EndProject
Project("{2150E333-8FDC-42A3-9474-1A3956D46DE8}") = "Task1", "Task1", "{C3552C59-F68F-4A50-A9E4-606BC00FEF90}"
EndProject
Project("{FAE04EC0-301F-11D3-BF4B-00C04F79EFBC}") = "Tyuiu.PashkovGV.Sprint0.Task1.V0", "Tyuiu.PashkovGV.Sprint0.Task1.V0\Tyuiu.PashkovGV.Sprint0.Task1.V0.csproj", "{7EC9A19E-D06E-4FDC-8293-0316A7ABD00B}"
EndProject
Project("{2150E333-8FDC-42A3-9474-1A3956D46DE8}") = "Task2", "Task2", "{04F05E5C-0C1F-4F27-9F1C-E177BBC13A94}"
EndProject
Project("{FAE04EC0-301F-11D3-BF4B-00C04F79EFBC}") = "Tyuiu.PashkovGV.Sprint0.Task2.V0", "Tyuiu.PashkovGV.Sprint0.Task2.V0\Tyuiu.PashkovGV.Sprint0.Task2.V0.csproj", "{35365D25-E118-4781-8333-09A049DE5E56}"
EndProject
Project("{FAE04EC0-301F-11D3-BF4B-00C04F79EFBC}") = "Tyuiu.PashkovGV.Sprint0.Task2.V0.Lib", "Tyuiu.PashkovGV.Sprint0.Task2.V0.Lib\Tyuiu.PashkovGV.Sprint0.Task2.V0.Lib.csproj", "{8EBF2D0D-3AEC-46CE-AC58-38319E99DC4C}"
EndProject
Project("{FAE04EC0-301F-11D3-BF4B-00C04F79EFBC}") = "Tyuiu.PashkovGV.Sprint0.Task2.V0.Test", "Tyuiu.PashkovGV.Sprint0.Task2.V0.Test\Tyuiu.PashkovGV.Sprint0.Task2.V0.Test.csproj", "{5BBF0CB9-F0A2-4054-9D6B-81D8EF8AB005}"
EndProject
Project("{2150E333-8FDC-42A3-9474-1A3956D46DE8}") = "Task3", "Task3", "{4858A919-4285-4126-B438-699DE005350B}"
EndProject
Project("{FAE04EC0-301F-11D3-BF4B-00C04F79EFBC}") = "Tyuiu.PashkovGV.Sprint0.Task3.V0", "Tyuiu.PashkovGV.Sprint0.Test3.V0\Tyuiu.PashkovGV.Sprint0.Task3.V0.csproj", "{06F651C3-9D95-4D7E-AA32-FB1582EAD226}"
EndProject
Project("{FAE04EC0-301F-11D3-BF4B-00C04F79EFBC}") = "Tyuiu.PashkovGV.Sprint0.Task3.V0.Lib", "Tyuiu.PashkovGV.Sprint0.Test3.V0.Lib\Tyuiu.PashkovGV.Sprint0.Task3.V0.Lib.csproj", "{0103862A-1E0A-45BD-81D4-0C3DFA4A03AE}"
EndProject
Project("{FAE04EC0-301F-11D3-BF4B-00C04F79EFBC}") = "Tyuiu.PashkovGV.Sprint0.Task3.V0.Test", "Tyuiu.PashkovGV.Sprint0.Test3.V0.Test\Tyuiu.PashkovGV.Sprint0.Task3.V0.Test.csproj", "{90F6B0D0-F4E8-484D-A4A8-3359A2FC4B12}"
EndProject
Project("{2150E333-8FDC-42A3-9474-1A3956D46DE8}") = "Task4", "Task4", "{36AEE59A-9847-4AB5-A5D0-EF251DECF3B9}"
EndProject
Project("{FAE04EC0-301F-11D3-BF4B-00C04F79EFBC}") = "Tyuiu.PashkovGV.Sprint0.Task4.V0", "Tyuiu.PashkovGV.Sprint0.Task4.V0\Tyuiu.PashkovGV.Sprint0.Task4.V0.csproj", "{8C76AF1A-3254-4BC6-BF45-CAFE98BE952F}"
EndProject
Project("{FAE04EC0-301F-11D3-BF4B-00C04F79EFBC}") = "Tyuiu.PashkovGV.Sprint0.Task4.V0.Test", "Tyuiu.PashkovGV.Sprint0.Task4.V0.Test\Tyuiu.PashkovGV.Sprint0.Task4.V0.Test.csproj", "{AF9673A6-834F-41AB-A7C2-EAB260043EDA}"
EndProject
Project("{FAE04EC0-301F-11D3-BF4B-00C04F79EFBC}") = "Tyuiu.PashkovGV.Sprint0.Task4.V0.Lib", "Tyuiu.PashkovGV.Sprint0.Task4.V0.Lib\Tyuiu.PashkovGV.Sprint0.Task4.V0.Lib.csproj", "{5A6FDD63-FDF4-4394-8484-334B06C14A71}"
EndProject
Project("{2150E333-8FDC-42A3-9474-1A3956D46DE8}") = "Task5", "Task5", "{6E833227-60E7-491A-8C4B-BE15392598DB}"
EndProject
Project("{FAE04EC0-301F-11D3-BF4B-00C04F79EFBC}") = "Tyuiu.PashkovGV.Sprint0.Task5.V0.Lib", "Tyuiu.PashkovGV.Sprint0.Task5.V0.Lib\Tyuiu.PashkovGV.Sprint0.Task5.V0.Lib.csproj", "{825E19B1-2211-4704-A6C2-BEFBAF1DC821}"
EndProject
Project("{FAE04EC0-301F-11D3-BF4B-00C04F79EFBC}") = "Tyuiu.PashkovGV.Sprint0.Task5.V0", "Tyuiu.PashkovGV.Sprint0.Task5.V0\Tyuiu.PashkovGV.Sprint0.Task5.V0.csproj", "{03EA9722-4D6D-49D0-8DAC-563CF8EBCAC3}"
EndProject
Project("{FAE04EC0-301F-11D3-BF4B-00C04F79EFBC}") = "Tyuiu.PashkovGV.Sprint0.Task5.V0.Test", "Tyuiu.PashkovGV.Sprint0.Task5.V0.Test\Tyuiu.PashkovGV.Sprint0.Task5.V0.Test.csproj", "{B926BE89-0C34-45E3-95C2-4AD015BE7057}"
EndProject
Global
	GlobalSection(SolutionConfigurationPlatforms) = preSolution
		Debug|Any CPU = Debug|Any CPU
		Release|Any CPU = Release|Any CPU
	EndGlobalSection
	GlobalSection(ProjectConfigurationPlatforms) = postSolution
		{362AB3CF-A888-41A2-849F-A9D569E62A21}.Debug|Any CPU.ActiveCfg = Debug|Any CPU
		{362AB3CF-A888-41A2-849F-A9D569E62A21}.Debug|Any CPU.Build.0 = Debug|Any CPU
		{362AB3CF-A888-41A2-849F-A9D569E62A21}.Release|Any CPU.ActiveCfg = Release|Any CPU
		{362AB3CF-A888-41A2-849F-A9D569E62A21}.Release|Any CPU.Build.0 = Release|Any CPU
		{7EC9A19E-D06E-4FDC-8293-0316A7ABD00B}.Debug|Any CPU.ActiveCfg = Debug|Any CPU
		{7EC9A19E-D06E-4FDC-8293-0316A7ABD00B}.Debug|Any CPU.Build.0 = Debug|Any CPU
		{7EC9A19E-D06E-4FDC-8293-0316A7ABD00B}.Release|Any CPU.ActiveCfg = Release|Any CPU
		{7EC9A19E-D06E-4FDC-8293-0316A7ABD00B}.Release|Any CPU.Build.0 = Release|Any CPU
		{35365D25-E118-4781-8333-09A049DE5E56}.Debug|Any CPU.ActiveCfg = Debug|Any CPU
		{35365D25-E118-4781-8333-09A049DE5E56}.Debug|Any CPU.Build.0 = Debug|Any CPU
		{35365D25-E118-4781-8333-09A049DE5E56}.Release|Any CPU.ActiveCfg = Release|Any CPU
		{35365D25-E118-4781-8333-09A049DE5E56}.Release|Any CPU.Build.0 = Release|Any CPU
		{8EBF2D0D-3AEC-46CE-AC58-38319E99DC4C}.Debug|Any CPU.ActiveCfg = Debug|Any CPU
		{8EBF2D0D-3AEC-46CE-AC58-38319E99DC4C}.Debug|Any CPU.Build.0 = Debug|Any CPU
		{8EBF2D0D-3AEC-46CE-AC58-38319E99DC4C}.Release|Any CPU.ActiveCfg = Release|Any CPU
		{8EBF2D0D-3AEC-46CE-AC58-38319E99DC4C}.Release|Any CPU.Build.0 = Release|Any CPU
		{5BBF0CB9-F0A2-4054-9D6B-81D8EF8AB005}.Debug|Any CPU.ActiveCfg = Debug|Any CPU
		{5BBF0CB9-F0A2-4054-9D6B-81D8EF8AB005}.Debug|Any CPU.Build.0 = Debug|Any CPU
		{5BBF0CB9-F0A2-4054-9D6B-81D8EF8AB005}.Release|Any CPU.ActiveCfg = Release|Any CPU
		{5BBF0CB9-F0A2-4054-9D6B-81D8EF8AB005}.Release|Any CPU.Build.0 = Release|Any CPU
		{06F651C3-9D95-4D7E-AA32-FB1582EAD226}.Debug|Any CPU.ActiveCfg = Debug|Any CPU
		{06F651C3-9D95-4D7E-AA32-FB1582EAD226}.Debug|Any CPU.Build.0 = Debug|Any CPU
		{06F651C3-9D95-4D7E-AA32-FB1582EAD226}.Release|Any CPU.ActiveCfg = Release|Any CPU
		{06F651C3-9D95-4D7E-AA32-FB1582EAD226}.Release|Any CPU.Build.0 = Release|Any CPU
		{0103862A-1E0A-45BD-81D4-0C3DFA4A03AE}.Debug|Any CPU.ActiveCfg = Debug|Any CPU
		{0103862A-1E0A-45BD-81D4-0C3DFA4A03AE}.Debug|Any CPU.Build.0 = Debug|Any CPU
		{0103862A-1E0A-45BD-81D4-0C3DFA4A03AE}.Release|Any CPU.ActiveCfg = Release|Any CPU
		{0103862A-1E0A-45BD-81D4-0C3DFA4A03AE}.Release|Any CPU.Build.0 = Release|Any CPU
		{90F6B0D0-F4E8-484D-A4A8-3359A2FC4B12}.Debug|Any CPU.ActiveCfg = Debug|Any CPU
		{90F6B0D0-F4E8-484D-A4A8-3359A2FC4B12}.Debug|Any CPU.Build.0 = Debug|Any CPU
		{90F6B0D0-F4E8-484D-A4A8-3359A2FC4B12}.Release|Any CPU.ActiveCfg = Release|Any CPU
		{90F6B0D0-F4E8-484D-A4A8-3359A2FC4B12}.Release|Any CPU.Build.0 = Release|Any CPU
		{8C76AF1A-3254-4BC6-BF45-CAFE98BE952F}.Debug|Any CPU.ActiveCfg = Debug|Any CPU
		{8C76AF1A-3254-4BC6-BF45-CAFE98BE952F}.Debug|Any CPU.Build.0 = Debug|Any CPU
		{8C76AF1A-3254-4BC6-BF45-CAFE98BE952F}.Release|Any CPU.ActiveCfg = Release|Any CPU
		{8C76AF1A-3254-4BC6-BF45-CAFE98BE952F}.Release|Any CPU.Build.0 = Release|Any CPU
		{AF9673A6-834F-41AB-A7C2-EAB260043EDA}.Debug|Any CPU.ActiveCfg = Debug|Any CPU
		{AF9673A6-834F-41AB-A7C2-EAB260043EDA}.Debug|Any CPU.Build.0 = Debug|Any CPU
		{AF9673A6-834F-41AB-A7C2-EAB260043EDA}.Release|Any CPU.ActiveCfg = Release|Any CPU
		{AF9673A6-834F-41AB-A7C2-EAB260043EDA}.Release|Any CPU.Build.0 = Release|Any CPU
		{5A6FDD63-FDF4-4394-8484-334B06C14A71}.Debug|Any CPU.ActiveCfg = Debug|Any CPU
		{5A6FDD63-FDF4-4394-8484-334B06C14A71}.Debug|Any CPU.Build.0 = Debug|Any CPU
		{5A6FDD63-FDF4-4394-8484-334B06C14A71}.Release|Any CPU.ActiveCfg = Release|Any CPU
		{5A6FDD63-FDF4-4394-8484-334B06C14A71}.Release|Any CPU.Build.0 = Release|Any CPU
		{825E19B1-2211-4704-A6C2-BEFBAF1DC821}.Debug|Any CPU.ActiveCfg = Debug|Any CPU
		{825E19B1-2211-4704-A6C2-BEFBAF1DC821}.Debug|Any CPU.Build.0 = Debug|Any CPU
		{825E19B1-2211-4704-A6C2-BEFBAF1DC821}.Release|Any CPU.ActiveCfg = Release|Any CPU
		{825E19B1-2211-4704-A6C2-BEFBAF1DC821}.Release|Any CPU.Build.0 = Release|Any CPU
		{03EA9722-4D6D-49D0-8DAC-563CF8EBCAC3}.Debug|Any CPU.ActiveCfg = Debug|Any CPU
		{03EA9722-4D6D-49D0-8DAC-563CF8EBCAC3}.Debug|Any CPU.Build.0 = Debug|Any CPU
		{03EA9722-4D6D-49D0-8DAC-563CF8EBCAC3}.Release|Any CPU.ActiveCfg = Release|Any CPU
		{03EA9722-4D6D-49D0-8DAC-563CF8EBCAC3}.Release|Any CPU.Build.0 = Release|Any CPU
		{B926BE89-0C34-45E3-95C2-4AD015BE7057}.Debug|Any CPU.ActiveCfg = Debug|Any CPU
		{B926BE89-0C34-45E3-95C2-4AD015BE7057}.Debug|Any CPU.Build.0 = Debug|Any CPU
		{B926BE89-0C34-45E3-95C2-4AD015BE7057}.Release|Any CPU.ActiveCfg = Release|Any CPU
		{B926BE89-0C34-45E3-95C2-4AD015BE7057}.Release|Any CPU.Build.0 = Release|Any CPU
	EndGlobalSection
	GlobalSection(SolutionProperties) = preSolution
		HideSolutionNode = FALSE
	EndGlobalSection
	GlobalSection(NestedProjects) = preSolution
		{362AB3CF-A888-41A2-849F-A9D569E62A21} = {36D591C7-65C7-A0D1-1CBC-10CDE441BDC8}
		{7EC9A19E-D06E-4FDC-8293-0316A7ABD00B} = {C3552C59-F68F-4A50-A9E4-606BC00FEF90}
		{35365D25-E118-4781-8333-09A049DE5E56} = {04F05E5C-0C1F-4F27-9F1C-E177BBC13A94}
		{8EBF2D0D-3AEC-46CE-AC58-38319E99DC4C} = {04F05E5C-0C1F-4F27-9F1C-E177BBC13A94}
		{5BBF0CB9-F0A2-4054-9D6B-81D8EF8AB005} = {04F05E5C-0C1F-4F27-9F1C-E177BBC13A94}
		{06F651C3-9D95-4D7E-AA32-FB1582EAD226} = {4858A919-4285-4126-B438-699DE005350B}
		{0103862A-1E0A-45BD-81D4-0C3DFA4A03AE} = {4858A919-4285-4126-B438-699DE005350B}
		{90F6B0D0-F4E8-484D-A4A8-3359A2FC4B12} = {4858A919-4285-4126-B438-699DE005350B}
		{8C76AF1A-3254-4BC6-BF45-CAFE98BE952F} = {36AEE59A-9847-4AB5-A5D0-EF251DECF3B9}
		{AF9673A6-834F-41AB-A7C2-EAB260043EDA} = {36AEE59A-9847-4AB5-A5D0-EF251DECF3B9}
		{5A6FDD63-FDF4-4394-8484-334B06C14A71} = {36AEE59A-9847-4AB5-A5D0-EF251DECF3B9}
		{825E19B1-2211-4704-A6C2-BEFBAF1DC821} = {6E833227-60E7-491A-8C4B-BE15392598DB}
		{03EA9722-4D6D-49D0-8DAC-563CF8EBCAC3} = {6E833227-60E7-491A-8C4B-BE15392598DB}
		{B926BE89-0C34-45E3-95C2-4AD015BE7057} = {6E833227-60E7-491A-8C4B-BE15392598DB}
	EndGlobalSection
	GlobalSection(ExtensibilityGlobals) = postSolution
		SolutionGuid = {024A7BEA-7264-4DCC-9B4B-8A8F3E09D317}
	EndGlobalSection
EndGlobal
